dependencies:
- name: redis
  repository: https://charts.bitnami.com/bitnami
  version: 19.6.4
- name: grafana
  repository: https://grafana.github.io/helm-charts
  version: 8.15.0
- name: prometheus
  repository: https://prometheus-community.github.io/helm-charts
  version: 25.30.2
digest: sha256:accee295888148057709a74611644413f13cb7053e4c32c1b2be854254e32bf5
generated: "2026-08-05T17:50:31.967951+05:30"
